{
  "nodes": {
    "code-insiders": {
      "inputs": {
        "flake-utils": "flake-utils",
        "nixpkgs": "nixpkgs"
      },
      "locked": {
        "lastModified": 1702947140,
        "narHash": "sha256-PY3pMM3hN/Im1fcTAyUVShZSXsdCY65tOmXUF+WJYbs=",
        "owner": "iosmanthus",
        "repo": "code-insiders-flake",
        "rev": "2dff5d6f707f76815ff1016398046ff538aabd8a",
        "type": "github"
      },
      "original": {
        "owner": "iosmanthus",
        "repo": "code-insiders-flake",
        "type": "github"
      }
    },
    "flake-utils": {
      "locked": {
        "lastModified": 1659877975,
        "narHash": "sha256-zllb8aq3YO3h8B/U0/J1WBgAL8EX5yWf5pMj3G0NAmc=",
        "owner": "numtide",
        "repo": "flake-utils",
        "rev": "c0e246b9b83f637f4681389ecabcb2681b4f3af0",
        "type": "github"
      },
      "original": {
        "owner": "numtide",
        "repo": "flake-utils",
        "type": "github"
      }
    },
    "home-manager": {
      "inputs": {
        "nixpkgs": [
          "nixpkgs"
        ]
      },
      "locked": {
        "lastModified": 1702195734,
        "narHash": "sha256-MvQa1qT+10dqJyMKtACCpFOcFYIv9i/REek1bHaIhS4=",
        "owner": "nix-community",
        "repo": "home-manager",
        "rev": "9a00befa13126e318fa4b895adeb84d383c9ab3f",
        "type": "github"
      },
      "original": {
        "owner": "nix-community",
        "repo": "home-manager",
        "type": "github"
      }
    },
    "nixpkgs": {
      "locked": {
        "lastModified": 1663862646,
        "narHash": "sha256-0mHwnhJtSZKbPSLsK7lFIAU2RBZsRaPjnvC/2EwNEQI=",
        "owner": "NixOS",
        "repo": "nixpkgs",
        "rev": "866be164617b8446cfaf63ed7f6e1d09eaccdef5",
        "type": "github"
      },
      "original": {
        "owner": "NixOS",
        "ref": "master",
        "repo": "nixpkgs",
        "type": "github"
      }
    },
    "nixpkgs_2": {
      "locked": {
        "lastModified": 1701718080,
        "narHash": "sha256-6ovz0pG76dE0P170pmmZex1wWcQoeiomUZGggfH9XPs=",
        "owner": "NixOS",
        "repo": "nixpkgs",
        "rev": "2c7f3c0fb7c08a0814627611d9d7d45ab6d75335",
        "type": "github"
      },
      "original": {
        "owner": "NixOS",
        "ref": "nixos-unstable",
        "repo": "nixpkgs",
        "type": "github"
      }
    },
    "root": {
      "inputs": {
        "code-insiders": "code-insiders",
        "home-manager": "home-manager",
        "nixpkgs": "nixpkgs_2"
      }
    }
  },
  "root": "root",
  "version": 7
}
